
Microsoft Visual Studio Solution File, Format Version 12.00
# Visual Studio Version 17
VisualStudioVersion = 17.0.31903.59
MinimumVisualStudioVersion = 10.0.40219.1
Project("{FAE04EC0-301F-11D3-BF4B-00C04F79EFBC}") = "katio_net.API", "katio_net.API\katio_net.API.csproj", "{FB21EA12-1609-491E-BCD2-6BBBD6B5C88D}"
EndProject
Project("{FAE04EC0-301F-11D3-BF4B-00C04F79EFBC}") = "katio_net.Business", "katio_net.Business\katio_net.Business.csproj", "{0A34E036-90E3-43CF-A74E-E2B552ACD8DB}"
EndProject
Project("{FAE04EC0-301F-11D3-BF4B-00C04F79EFBC}") = "katio_net.Data", "katio_net.Data\katio_net.Data.csproj", "{7309EF74-B8FC-4EB3-800D-B082F3085A90}"
EndProject
Global
	GlobalSection(SolutionConfigurationPlatforms) = preSolution
		Debug|Any CPU = Debug|Any CPU
		Release|Any CPU = Release|Any CPU
	EndGlobalSection
	GlobalSection(SolutionProperties) = preSolution
		HideSolutionNode = FALSE
	EndGlobalSection
	GlobalSection(ProjectConfigurationPlatforms) = postSolution
		{FB21EA12-1609-491E-BCD2-6BBBD6B5C88D}.Debug|Any CPU.ActiveCfg = Debug|Any CPU
		{FB21EA12-1609-491E-BCD2-6BBBD6B5C88D}.Debug|Any CPU.Build.0 = Debug|Any CPU
		{FB21EA12-1609-491E-BCD2-6BBBD6B5C88D}.Release|Any CPU.ActiveCfg = Release|Any CPU
		{FB21EA12-1609-491E-BCD2-6BBBD6B5C88D}.Release|Any CPU.Build.0 = Release|Any CPU
		{0A34E036-90E3-43CF-A74E-E2B552ACD8DB}.Debug|Any CPU.ActiveCfg = Debug|Any CPU
		{0A34E036-90E3-43CF-A74E-E2B552ACD8DB}.Debug|Any CPU.Build.0 = Debug|Any CPU
		{0A34E036-90E3-43CF-A74E-E2B552ACD8DB}.Release|Any CPU.ActiveCfg = Release|Any CPU
		{0A34E036-90E3-43CF-A74E-E2B552ACD8DB}.Release|Any CPU.Build.0 = Release|Any CPU
		{7309EF74-B8FC-4EB3-800D-B082F3085A90}.Debug|Any CPU.ActiveCfg = Debug|Any CPU
		{7309EF74-B8FC-4EB3-800D-B082F3085A90}.Debug|Any CPU.Build.0 = Debug|Any CPU
		{7309EF74-B8FC-4EB3-800D-B082F3085A90}.Release|Any CPU.ActiveCfg = Release|Any CPU
		{7309EF74-B8FC-4EB3-800D-B082F3085A90}.Release|Any CPU.Build.0 = Release|Any CPU
	EndGlobalSection
EndGlobal
